// !$*UTF8*$!
{
	archiveVersion = 1;
	classes = {
	};
	objectVersion = 56;
	objects = {

/* Begin PBXBuildFile section */
		39202B262B3CAFBB003126F3 /* LandmarkDetail.swift in Sources */ = {isa = PBXBuildFile; fileRef = 39202B252B3CAFBB003126F3 /* LandmarkDetail.swift */; };
		39202B282B3CC496003126F3 /* FavoriteButton.swift in Sources */ = {isa = PBXBuildFile; fileRef = 39202B272B3CC496003126F3 /* FavoriteButton.swift */; };
		397777F72B38F93700DA80FF /* LandmarksApp.swift in Sources */ = {isa = PBXBuildFile; fileRef = 397777F62B38F93700DA80FF /* LandmarksApp.swift */; };
		397777F92B38F93700DA80FF /* ContentView.swift in Sources */ = {isa = PBXBuildFile; fileRef = 397777F82B38F93700DA80FF /* ContentView.swift */; };
		397777FB2B38F93800DA80FF /* Assets.xcassets in Resources */ = {isa = PBXBuildFile; fileRef = 397777FA2B38F93800DA80FF /* Assets.xcassets */; };
		397777FE2B38F93800DA80FF /* Preview Assets.xcassets in Resources */ = {isa = PBXBuildFile; fileRef = 397777FD2B38F93800DA80FF /* Preview Assets.xcassets */; };
		397778082B38F93800DA80FF /* LandmarksTests.swift in Sources */ = {isa = PBXBuildFile; fileRef = 397778072B38F93800DA80FF /* LandmarksTests.swift */; };
		397778122B38F93800DA80FF /* LandmarksUITests.swift in Sources */ = {isa = PBXBuildFile; fileRef = 397778112B38F93800DA80FF /* LandmarksUITests.swift */; };
		397778142B38F93800DA80FF /* LandmarksUITestsLaunchTests.swift in Sources */ = {isa = PBXBuildFile; fileRef = 397778132B38F93800DA80FF /* LandmarksUITestsLaunchTests.swift */; };
		397778212B38FAC500DA80FF /* CircleImage.swift in Sources */ = {isa = PBXBuildFile; fileRef = 397778202B38FAC500DA80FF /* CircleImage.swift */; };
		397778232B38FB6600DA80FF /* MapView.swift in Sources */ = {isa = PBXBuildFile; fileRef = 397778222B38FB6600DA80FF /* MapView.swift */; };
		397778272B38FED700DA80FF /* landmarkData.json in Resources */ = {isa = PBXBuildFile; fileRef = 397778262B38FED700DA80FF /* landmarkData.json */; };
		397778292B38FEFC00DA80FF /* Landmark.swift in Sources */ = {isa = PBXBuildFile; fileRef = 397778282B38FEFC00DA80FF /* Landmark.swift */; };
		3977782B2B3901D900DA80FF /* ModelData.swift in Sources */ = {isa = PBXBuildFile; fileRef = 3977782A2B3901D900DA80FF /* ModelData.swift */; };
		39C0E3712B3BB89000A9EAA0 /* LandmarkRow.swift in Sources */ = {isa = PBXBuildFile; fileRef = 39C0E3702B3BB89000A9EAA0 /* LandmarkRow.swift */; };
		39F610A32B3BBC7E00C87157 /* LandmarkList.swift in Sources */ = {isa = PBXBuildFile; fileRef = 39F610A22B3BBC7E00C87157 /* LandmarkList.swift */; };
/* End PBXBuildFile section */

/* Begin PBXContainerItemProxy section */
		397778042B38F93800DA80FF /* PBXContainerItemProxy */ = {
			isa = PBXContainerItemProxy;
			containerPortal = 397777EB2B38F93700DA80FF /* Project object */;
			proxyType = 1;
			remoteGlobalIDString = 397777F22B38F93700DA80FF;
			remoteInfo = Landmarks;
		};
		3977780E2B38F93800DA80FF /* PBXContainerItemProxy */ = {
			isa = PBXContainerItemProxy;
			containerPortal = 397777EB2B38F93700DA80FF /* Project object */;
			proxyType = 1;
			remoteGlobalIDString = 397777F22B38F93700DA80FF;
			remoteInfo = Landmarks;
		};
/* End PBXContainerItemProxy section */

/* Begin PBXFileReference section */
		39202B252B3CAFBB003126F3 /* LandmarkDetail.swift */ = {isa = PBXFileReference; lastKnownFileType = sourcecode.swift; path = LandmarkDetail.swift; sourceTree = "<group>"; };
		39202B272B3CC496003126F3 /* FavoriteButton.swift */ = {isa = PBXFileReference; lastKnownFileType = sourcecode.swift; path = FavoriteButton.swift; sourceTree = "<group>"; };
		397777F32B38F93700DA80FF /* Landmarks.app */ = {isa = PBXFileReference; explicitFileType = wrapper.application; includeInIndex = 0; path = Landmarks.app; sourceTree = BUILT_PRODUCTS_DIR; };
		397777F62B38F93700DA80FF /* LandmarksApp.swift */ = {isa = PBXFileReference; lastKnownFileType = sourcecode.swift; path = LandmarksApp.swift; sourceTree = "<group>"; };
		397777F82B38F93700DA80FF /* ContentView.swift */ = {isa = PBXFileReference; lastKnownFileType = sourcecode.swift; path = ContentView.swift; sourceTree = "<group>"; };
		397777FA2B38F93800DA80FF /* Assets.xcassets */ = {isa = PBXFileReference; lastKnownFileType = folder.assetcatalog; path = Assets.xcassets; sourceTree = "<group>"; };
		397777FD2B38F93800DA80FF /* Preview Assets.xcassets */ = {isa = PBXFileReference; lastKnownFileType = folder.assetcatalog; path = "Preview Assets.xcassets"; sourceTree = "<group>"; };
		397778032B38F93800DA80FF /* LandmarksTests.xctest */ = {isa = PBXFileReference; explicitFileType = wrapper.cfbundle; includeInIndex = 0; path = LandmarksTests.xctest; sourceTree = BUILT_PRODUCTS_DIR; };
		397778072B38F93800DA80FF /* LandmarksTests.swift */ = {isa = PBXFileReference; lastKnownFileType = sourcecode.swift; path = LandmarksTests.swift; sourceTree = "<group>"; };
		3977780D2B38F93800DA80FF /* LandmarksUITests.xctest */ = {isa = PBXFileReference; explicitFileType = wrapper.cfbundle; includeInIndex = 0; path = LandmarksUITests.xctest; sourceTree = BUILT_PRODUCTS_DIR; };
		397778112B38F93800DA80FF /* LandmarksUITests.swift */ = {isa = PBXFileReference; lastKnownFileType = sourcecode.swift; path = LandmarksUITests.swift; sourceTree = "<group>"; };
		397778132B38F93800DA80FF /* LandmarksUITestsLaunchTests.swift */ = {isa = PBXFileReference; lastKnownFileType = sourcecode.swift; path = LandmarksUITestsLaunchTests.swift; sourceTree = "<group>"; };
		397778202B38FAC500DA80FF /* CircleImage.swift */ = {isa = PBXFileReference; lastKnownFileType = sourcecode.swift; path = CircleImage.swift; sourceTree = "<group>"; };
		397778222B38FB6600DA80FF /* MapView.swift */ = {isa = PBXFileReference; lastKnownFileType = sourcecode.swift; path = MapView.swift; sourceTree = "<group>"; };
		397778262B38FED700DA80FF /* landmarkData.json */ = {isa = PBXFileReference; fileEncoding = 4; lastKnownFileType = text.json; path = landmarkData.json; sourceTree = "<group>"; };
		397778282B38FEFC00DA80FF /* Landmark.swift */ = {isa = PBXFileReference; lastKnownFileType = sourcecode.swift; path = Landmark.swift; sourceTree = "<group>"; };
		3977782A2B3901D900DA80FF /* ModelData.swift */ = {isa = PBXFileReference; lastKnownFileType = sourcecode.swift; path = ModelData.swift; sourceTree = "<group>"; };
		39C0E3702B3BB89000A9EAA0 /* LandmarkRow.swift */ = {isa = PBXFileReference; lastKnownFileType = sourcecode.swift; path = LandmarkRow.swift; sourceTree = "<group>"; };
		39F610A22B3BBC7E00C87157 /* LandmarkList.swift */ = {isa = PBXFileReference; lastKnownFileType = sourcecode.swift; path = LandmarkList.swift; sourceTree = "<group>"; };
/* End PBXFileReference section */

/* Begin PBXFrameworksBuildPhase section */
		397777F02B38F93700DA80FF /* Frameworks */ = {
			isa = PBXFrameworksBuildPhase;
			buildActionMask = 2147483647;
			files = (
			);
			runOnlyForDeploymentPostprocessing = 0;
		};
		397778002B38F93800DA80FF /* Frameworks */ = {
			isa = PBXFrameworksBuildPhase;
			buildActionMask = 2147483647;
			files = (
			);
			runOnlyForDeploymentPostprocessing = 0;
		};
		3977780A2B38F93800DA80FF /* Frameworks */ = {
			isa = PBXFrameworksBuildPhase;
			buildActionMask = 2147483647;
			files = (
			);
			runOnlyForDeploymentPostprocessing = 0;
		};
/* End PBXFrameworksBuildPhase section */

/* Begin PBXGroup section */
		39202B292B3CC5E0003126F3 /* Landmarks */ = {
			isa = PBXGroup;
			children = (
				39F610A22B3BBC7E00C87157 /* LandmarkList.swift */,
				39C0E3702B3BB89000A9EAA0 /* LandmarkRow.swift */,
				39202B252B3CAFBB003126F3 /* LandmarkDetail.swift */,
			);
			path = Landmarks;
			sourceTree = "<group>";
		};
		39202B2B2B3CC62B003126F3 /* Helper */ = {
			isa = PBXGroup;
			children = (
				397778202B38FAC500DA80FF /* CircleImage.swift */,
				397778222B38FB6600DA80FF /* MapView.swift */,
				39202B272B3CC496003126F3 /* FavoriteButton.swift */,
			);
			path = Helper;
			sourceTree = "<group>";
		};
		397777EA2B38F93700DA80FF = {
			isa = PBXGroup;
			children = (
				397777F52B38F93700DA80FF /* Landmarks */,
				397778062B38F93800DA80FF /* LandmarksTests */,
				397778102B38F93800DA80FF /* LandmarksUITests */,
				397777F42B38F93700DA80FF /* Products */,
			);
			sourceTree = "<group>";
		};
		397777F42B38F93700DA80FF /* Products */ = {
			isa = PBXGroup;
			children = (
				397777F32B38F93700DA80FF /* Landmarks.app */,
				397778032B38F93800DA80FF /* LandmarksTests.xctest */,
				3977780D2B38F93800DA80FF /* LandmarksUITests.xctest */,
			);
			name = Products;
			sourceTree = "<group>";
		};
		397777F52B38F93700DA80FF /* Landmarks */ = {
			isa = PBXGroup;
			children = (
				397777F62B38F93700DA80FF /* LandmarksApp.swift */,
				39C0E36B2B3BB27400A9EAA0 /* Views */,
				39C0E36C2B3BB29100A9EAA0 /* Model */,
				39C0E36D2B3BB2BA00A9EAA0 /* Resources */,
				397777FA2B38F93800DA80FF /* Assets.xcassets */,
				397777FC2B38F93800DA80FF /* Preview Content */,
			);
			path = Landmarks;
			sourceTree = "<group>";
		};
		397777FC2B38F93800DA80FF /* Preview Content */ = {
			isa = PBXGroup;
			children = (
				397777FD2B38F93800DA80FF /* Preview Assets.xcassets */,
			);
			path = "Preview Content";
			sourceTree = "<group>";
		};
		397778062B38F93800DA80FF /* LandmarksTests */ = {
			isa = PBXGroup;
			children = (
				397778072B38F93800DA80FF /* LandmarksTests.swift */,
			);
			path = LandmarksTests;
			sourceTree = "<group>";
		};
		397778102B38F93800DA80FF /* LandmarksUITests */ = {
			isa = PBXGroup;
			children = (
				397778112B38F93800DA80FF /* LandmarksUITests.swift */,
				397778132B38F93800DA80FF /* LandmarksUITestsLaunchTests.swift */,
			);
			path = LandmarksUITests;
			sourceTree = "<group>";
		};
		39C0E36B2B3BB27400A9EAA0 /* Views */ = {
			isa = PBXGroup;
			children = (
				397777F82B38F93700DA80FF /* ContentView.swift */,
				39202B292B3CC5E0003126F3 /* Landmarks */,
				39202B2B2B3CC62B003126F3 /* Helper */,
			);
			path = Views;
			sourceTree = "<group>";
		};
		39C0E36C2B3BB29100A9EAA0 /* Model */ = {
			isa = PBXGroup;
			children = (
				3977782A2B3901D900DA80FF /* ModelData.swift */,
				397778282B38FEFC00DA80FF /* Landmark.swift */,
			);
			path = Model;
			sourceTree = "<group>";
		};
		39C0E36D2B3BB2BA00A9EAA0 /* Resources */ = {
			isa = PBXGroup;
			children = (
				397778262B38FED700DA80FF /* landmarkData.json */,
			);
			path = Resources;
			sourceTree = "<group>";
		};
/* End PBXGroup section */

/* Begin PBXNativeTarget section */
		397777F22B38F93700DA80FF /* Landmarks */ = {
			isa = PBXNativeTarget;
			buildConfigurationList = 397778172B38F93800DA80FF /* Build configuration list for PBXNativeTarget "Landmarks" */;
			buildPhases = (
				397777EF2B38F93700DA80FF /* Sources */,
				397777F02B38F93700DA80FF /* Frameworks */,
				397777F12B38F93700DA80FF /* Resources */,
			);
			buildRules = (
			);
			dependencies = (
			);
			name = Landmarks;
			productName = Landmarks;
			productReference = 397777F32B38F93700DA80FF /* Landmarks.app */;
			productType = "com.apple.product-type.application";
		};
		397778022B38F93800DA80FF /* LandmarksTests */ = {
			isa = PBXNativeTarget;
			buildConfigurationList = 3977781A2B38F93800DA80FF /* Build configuration list for PBXNativeTarget "LandmarksTests" */;
			buildPhases = (
				397777FF2B38F93800DA80FF /* Sources */,
				397778002B38F93800DA80FF /* Frameworks */,
				397778012B38F93800DA80FF /* Resources */,
			);
			buildRules = (
			);
			dependencies = (
				397778052B38F93800DA80FF /* PBXTargetDependency */,
			);
			name = LandmarksTests;
			productName = LandmarksTests;
			productReference = 397778032B38F93800DA80FF /* LandmarksTests.xctest */;
			productType = "com.apple.product-type.bundle.unit-test";
		};
		3977780C2B38F93800DA80FF /* LandmarksUITests */ = {
			isa = PBXNativeTarget;
			buildConfigurationList = 3977781D2B38F93800DA80FF /* Build configuration list for PBXNativeTarget "LandmarksUITests" */;
			buildPhases = (
				397778092B38F93800DA80FF /* Sources */,
				3977780A2B38F93800DA80FF /* Frameworks */,
				3977780B2B38F93800DA80FF /* Resources */,
			);
			buildRules = (
			);
			dependencies = (
				3977780F2B38F93800DA80FF /* PBXTargetDependency */,
			);
			name = LandmarksUITests;
			productName = LandmarksUITests;
			productReference = 3977780D2B38F93800DA80FF /* LandmarksUITests.xctest */;
			productType = "com.apple.product-type.bundle.ui-testing";
		};
/* End PBXNativeTarget section */

/* Begin PBXProject section */
		397777EB2B38F93700DA80FF /* Project object */ = {
			isa = PBXProject;
			attributes = {
				BuildIndependentTargetsInParallel = 1;
				LastSwiftUpdateCheck = 1510;
				LastUpgradeCheck = 1510;
				TargetAttributes = {
					397777F22B38F93700DA80FF = {
						CreatedOnToolsVersion = 15.1;
					};
					397778022B38F93800DA80FF = {
						CreatedOnToolsVersion = 15.1;
						TestTargetID = 397777F22B38F93700DA80FF;
					};
					3977780C2B38F93800DA80FF = {
						CreatedOnToolsVersion = 15.1;
						TestTargetID = 397777F22B38F93700DA80FF;
					};
				};
			};
			buildConfigurationList = 397777EE2B38F93700DA80FF /* Build configuration list for PBXProject "Landmarks" */;
			compatibilityVersion = "Xcode 14.0";
			developmentRegion = en;
			hasScannedForEncodings = 0;
			knownRegions = (
				en,
				Base,
			);
			mainGroup = 397777EA2B38F93700DA80FF;
			productRefGroup = 397777F42B38F93700DA80FF /* Products */;
			projectDirPath = "";
			projectRoot = "";
			targets = (
				397777F22B38F93700DA80FF /* Landmarks */,
				397778022B38F93800DA80FF /* LandmarksTests */,
				3977780C2B38F93800DA80FF /* LandmarksUITests */,
			);
		};
/* End PBXProject section */

/* Begin PBXResourcesBuildPhase section */
		397777F12B38F93700DA80FF /* Resources */ = {
			isa = PBXResourcesBuildPhase;
			buildActionMask = 2147483647;
			files = (
				397777FE2B38F93800DA80FF /* Preview Assets.xcassets in Resources */,
				397777FB2B38F93800DA80FF /* Assets.xcassets in Resources */,
				397778272B38FED700DA80FF /* landmarkData.json in Resources */,
			);
			runOnlyForDeploymentPostprocessing = 0;
		};
		397778012B38F93800DA80FF /* Resources */ = {
			isa = PBXResourcesBuildPhase;
			buildActionMask = 2147483647;
			files = (
			);
			runOnlyForDeploymentPostprocessing = 0;
		};
		3977780B2B38F93800DA80FF /* Resources */ = {
			isa = PBXResourcesBuildPhase;
			buildActionMask = 2147483647;
			files = (
			);
			runOnlyForDeploymentPostprocessing = 0;
		};
/* End PBXResourcesBuildPhase section */

/* Begin PBXSourcesBuildPhase section */
		397777EF2B38F93700DA80FF /* Sources */ = {
			isa = PBXSourcesBuildPhase;
			buildActionMask = 2147483647;
			files = (
				397777F92B38F93700DA80FF /* ContentView.swift in Sources */,
				397778232B38FB6600DA80FF /* MapView.swift in Sources */,
				397777F72B38F93700DA80FF /* LandmarksApp.swift in Sources */,
				39202B282B3CC496003126F3 /* FavoriteButton.swift in Sources */,
				39F610A32B3BBC7E00C87157 /* LandmarkList.swift in Sources */,
				39202B262B3CAFBB003126F3 /* LandmarkDetail.swift in Sources */,
				397778212B38FAC500DA80FF /* CircleImage.swift in Sources */,
				397778292B38FEFC00DA80FF /* Landmark.swift in Sources */,
				39C0E3712B3BB89000A9EAA0 /* LandmarkRow.swift in Sources */,
				3977782B2B3901D900DA80FF /* ModelData.swift in Sources */,
			);
			runOnlyForDeploymentPostprocessing = 0;
		};
		397777FF2B38F93800DA80FF /* Sources */ = {
			isa = PBXSourcesBuildPhase;
			buildActionMask = 2147483647;
			files = (
				397778082B38F93800DA80FF /* LandmarksTests.swift in Sources */,
			);
			runOnlyForDeploymentPostprocessing = 0;
		};
		397778092B38F93800DA80FF /* Sources */ = {
			isa = PBXSourcesBuildPhase;
			buildActionMask = 2147483647;
			files = (
				397778142B38F93800DA80FF /* LandmarksUITestsLaunchTests.swift in Sources */,
				397778122B38F93800DA80FF /* LandmarksUITests.swift in Sources */,
			);
			runOnlyForDeploymentPostprocessing = 0;
		};
/* End PBXSourcesBuildPhase section */

/* Begin PBXTargetDependency section */
		397778052B38F93800DA80FF /* PBXTargetDependency */ = {
			isa = PBXTargetDependency;
			target = 397777F22B38F93700DA80FF /* Landmarks */;
			targetProxy = 397778042B38F93800DA80FF /* PBXContainerItemProxy */;
		};
		3977780F2B38F93800DA80FF /* PBXTargetDependency */ = {
			isa = PBXTargetDependency;
			target = 397777F22B38F93700DA80FF /* Landmarks */;
			targetProxy = 3977780E2B38F93800DA80FF /* PBXContainerItemProxy */;
		};
/* End PBXTargetDependency section */

/* Begin XCBuildConfiguration section */
		397778152B38F93800DA80FF /* Debug */ = {
			isa = XCBuildConfiguration;
			buildSettings = {
				ALWAYS_SEARCH_USER_PATHS = NO;
				ASSETCATALOG_COMPILER_GENERATE_SWIFT_ASSET_SYMBOL_EXTENSIONS = YES;
				CLANG_ANALYZER_NONNULL = YES;
				CLANG_ANALYZER_NUMBER_OBJECT_CONVERSION = YES_AGGRESSIVE;
				CLANG_CXX_LANGUAGE_STANDARD = "gnu++20";
				CLANG_ENABLE_MODULES = YES;
				CLANG_ENABLE_OBJC_ARC = YES;
				CLANG_ENABLE_OBJC_WEAK = YES;
				CLANG_WARN_BLOCK_CAPTURE_AUTORELEASING = YES;
				CLANG_WARN_BOOL_CONVERSION = YES;
				CLANG_WARN_COMMA = YES;
				CLANG_WARN_CONSTANT_CONVERSION = YES;
				CLANG_WARN_DEPRECATED_OBJC_IMPLEMENTATIONS = YES;
				CLANG_WARN_DIRECT_OBJC_ISA_USAGE = YES_ERROR;
				CLANG_WARN_DOCUMENTATION_COMMENTS = YES;
				CLANG_WARN_EMPTY_BODY = YES;
				CLANG_WARN_ENUM_CONVERSION = YES;
				CLANG_WARN_INFINITE_RECURSION = YES;
				CLANG_WARN_INT_CONVERSION = YES;
				CLANG_WARN_NON_LITERAL_NULL_CONVERSION = YES;
				CLANG_WARN_OBJC_IMPLICIT_RETAIN_SELF = YES;
				CLANG_WARN_OBJC_LITERAL_CONVERSION = YES;
				CLANG_WARN_OBJC_ROOT_CLASS = YES_ERROR;
				CLANG_WARN_QUOTED_INCLUDE_IN_FRAMEWORK_HEADER = YES;
				CLANG_WARN_RANGE_LOOP_ANALYSIS = YES;
				CLANG_WARN_STRICT_PROTOTYPES = YES;
				CLANG_WARN_SUSPICIOUS_MOVE = YES;
				CLANG_WARN_UNGUARDED_AVAILABILITY = YES_AGGRESSIVE;
				CLANG_WARN_UNREACHABLE_CODE = YES;
				CLANG_WARN__DUPLICATE_METHOD_MATCH = YES;
				COPY_PHASE_STRIP = NO;
				DEBUG_INFORMATION_FORMAT = dwarf;
				ENABLE_STRICT_OBJC_MSGSEND = YES;
				ENABLE_TESTABILITY = YES;
				ENABLE_USER_SCRIPT_SANDBOXING = YES;
				GCC_C_LANGUAGE_STANDARD = gnu17;
				GCC_DYNAMIC_NO_PIC = NO;
				GCC_NO_COMMON_BLOCKS = YES;
				GCC_OPTIMIZATION_LEVEL = 0;
				GCC_PREPROCESSOR_DEFINITIONS = (
					"DEBUG=1",
					"$(inherited)",
				);
				GCC_WARN_64_TO_32_BIT_CONVERSION = YES;
				GCC_WARN_ABOUT_RETURN_TYPE = YES_ERROR;
				GCC_WARN_UNDECLARED_SELECTOR = YES;
				GCC_WARN_UNINITIALIZED_AUTOS = YES_AGGRESSIVE;
				GCC_WARN_UNUSED_FUNCTION = YES;
				GCC_WARN_UNUSED_VARIABLE = YES;
				IPHONEOS_DEPLOYMENT_TARGET = 17.2;
				LOCALIZATION_PREFERS_STRING_CATALOGS = YES;
				MTL_ENABLE_DEBUG_INFO = INCLUDE_SOURCE;
				MTL_FAST_MATH = YES;
				ONLY_ACTIVE_ARCH = YES;
				SDKROOT = iphoneos;
				SWIFT_ACTIVE_COMPILATION_CONDITIONS = "DEBUG $(inherited)";
				SWIFT_OPTIMIZATION_LEVEL = "-Onone";
			};
			name = Debug;
		};
		397778162B38F93800DA80FF /* Release */ = {
			isa = XCBuildConfiguration;
			buildSettings = {
				ALWAYS_SEARCH_USER_PATHS = NO;
				ASSETCATALOG_COMPILER_GENERATE_SWIFT_ASSET_SYMBOL_EXTENSIONS = YES;
				CLANG_ANALYZER_NONNULL = YES;
				CLANG_ANALYZER_NUMBER_OBJECT_CONVERSION = YES_AGGRESSIVE;
				CLANG_CXX_LANGUAGE_STANDARD = "gnu++20";
				CLANG_ENABLE_MODULES = YES;
				CLANG_ENABLE_OBJC_ARC = YES;
				CLANG_ENABLE_OBJC_WEAK = YES;
				CLANG_WARN_BLOCK_CAPTURE_AUTORELEASING = YES;
				CLANG_WARN_BOOL_CONVERSION = YES;
				CLANG_WARN_COMMA = YES;
				CLANG_WARN_CONSTANT_CONVERSION = YES;
				CLANG_WARN_DEPRECATED_OBJC_IMPLEMENTATIONS = YES;
				CLANG_WARN_DIRECT_OBJC_ISA_USAGE = YES_ERROR;
				CLANG_WARN_DOCUMENTATION_COMMENTS = YES;
				CLANG_WARN_EMPTY_BODY = YES;
				CLANG_WARN_ENUM_CONVERSION = YES;
				CLANG_WARN_INFINITE_RECURSION = YES;
				CLANG_WARN_INT_CONVERSION = YES;
				CLANG_WARN_NON_LITERAL_NULL_CONVERSION = YES;
				CLANG_WARN_OBJC_IMPLICIT_RETAIN_SELF = YES;
				CLANG_WARN_OBJC_LITERAL_CONVERSION = YES;
				CLANG_WARN_OBJC_ROOT_CLASS = YES_ERROR;
				CLANG_WARN_QUOTED_INCLUDE_IN_FRAMEWORK_HEADER = YES;
				CLANG_WARN_RANGE_LOOP_ANALYSIS = YES;
				CLANG_WARN_STRICT_PROTOTYPES = YES;
				CLANG_WARN_SUSPICIOUS_MOVE = YES;
				CLANG_WARN_UNGUARDED_AVAILABILITY = YES_AGGRESSIVE;
				CLANG_WARN_UNREACHABLE_CODE = YES;
				CLANG_WARN__DUPLICATE_METHOD_MATCH = YES;
				COPY_PHASE_STRIP = NO;
				DEBUG_INFORMATION_FORMAT = "dwarf-with-dsym";
				ENABLE_NS_ASSERTIONS = NO;
				ENABLE_STRICT_OBJC_MSGSEND = YES;
				ENABLE_USER_SCRIPT_SANDBOXING = YES;
				GCC_C_LANGUAGE_STANDARD = gnu17;
				GCC_NO_COMMON_BLOCKS = YES;
				GCC_WARN_64_TO_32_BIT_CONVERSION = YES;
				GCC_WARN_ABOUT_RETURN_TYPE = YES_ERROR;
				GCC_WARN_UNDECLARED_SELECTOR = YES;
				GCC_WARN_UNINITIALIZED_AUTOS = YES_AGGRESSIVE;
				GCC_WARN_UNUSED_FUNCTION = YES;
				GCC_WARN_UNUSED_VARIABLE = YES;
				IPHONEOS_DEPLOYMENT_TARGET = 17.2;
				LOCALIZATION_PREFERS_STRING_CATALOGS = YES;
				MTL_ENABLE_DEBUG_INFO = NO;
				MTL_FAST_MATH = YES;
				SDKROOT = iphoneos;
				SWIFT_COMPILATION_MODE = wholemodule;
				VALIDATE_PRODUCT = YES;
			};
			name = Release;
		};
		397778182B38F93800DA80FF /* Debug */ = {
			isa = XCBuildConfiguration;
			buildSettings = {
				ASSETCATALOG_COMPILER_APPICON_NAME = AppIcon;
				ASSETCATALOG_COMPILER_GLOBAL_ACCENT_COLOR_NAME = AccentColor;
				CODE_SIGN_STYLE = Automatic;
				CURRENT_PROJECT_VERSION = 1;
				DEVELOPMENT_ASSET_PATHS = "\"Landmarks/Preview Content\"";
				ENABLE_PREVIEWS = YES;
				GENERATE_INFOPLIST_FILE = YES;
				INFOPLIST_KEY_UIApplicationSceneManifest_Generation = YES;
				INFOPLIST_KEY_UIApplicationSupportsIndirectInputEvents = YES;
				INFOPLIST_KEY_UILaunchScreen_Generation = YES;
				INFOPLIST_KEY_UISupportedInterfaceOrientations_iPad = "UIInterfaceOrientationPortrait UIInterfaceOrientationPortraitUpsideDown UIInterfaceOrientationLandscapeLeft UIInterfaceOrientationLandscapeRight";
				INFOPLIST_KEY_UISupportedInterfaceOrientations_iPhone = "UIInterfaceOrientationPortrait UIInterfaceOrientationLandscapeLeft UIInterfaceOrientationLandscapeRight";
				LD_RUNPATH_SEARCH_PATHS = (
					"$(inherited)",
					"@executable_path/Frameworks",
				);
				MARKETING_VERSION = 1.0;
				PRODUCT_BUNDLE_IDENTIFIER = test.Landmarks;
				PRODUCT_NAME = "$(TARGET_NAME)";
				SWIFT_EMIT_LOC_STRINGS = YES;
				SWIFT_VERSION = 5.0;
				TARGETED_DEVICE_FAMILY = "1,2";
			};
			name = Debug;
		};
		397778192B38F93800DA80FF /* Release */ = {
			isa = XCBuildConfiguration;
			buildSettings = {
				ASSETCATALOG_COMPILER_APPICON_NAME = AppIcon;
				ASSETCATALOG_COMPILER_GLOBAL_ACCENT_COLOR_NAME = AccentColor;
				CODE_SIGN_STYLE = Automatic;
				CURRENT_PROJECT_VERSION = 1;
				DEVELOPMENT_ASSET_PATHS = "\"Landmarks/Preview Content\"";
				ENABLE_PREVIEWS = YES;
				GENERATE_INFOPLIST_FILE = YES;
				INFOPLIST_KEY_UIApplicationSceneManifest_Generation = YES;
				INFOPLIST_KEY_UIApplicationSupportsIndirectInputEvents = YES;
				INFOPLIST_KEY_UILaunchScreen_Generation = YES;
				INFOPLIST_KEY_UISupportedInterfaceOrientations_iPad = "UIInterfaceOrientationPortrait UIInterfaceOrientationPortraitUpsideDown UIInterfaceOrientationLandscapeLeft UIInterfaceOrientationLandscapeRight";
				INFOPLIST_KEY_UISupportedInterfaceOrientations_iPhone = "UIInterfaceOrientationPortrait UIInterfaceOrientationLandscapeLeft UIInterfaceOrientationLandscapeRight";
				LD_RUNPATH_SEARCH_PATHS = (
					"$(inherited)",
					"@executable_path/Frameworks",
				);
				MARKETING_VERSION = 1.0;
				PRODUCT_BUNDLE_IDENTIFIER = test.Landmarks;
				PRODUCT_NAME = "$(TARGET_NAME)";
				SWIFT_EMIT_LOC_STRINGS = YES;
				SWIFT_VERSION = 5.0;
				TARGETED_DEVICE_FAMILY = "1,2";
			};
			name = Release;
		};
		3977781B2B38F93800DA80FF /* Debug */ = {
			isa = XCBuildConfiguration;
			buildSettings = {
				ALWAYS_EMBED_SWIFT_STANDARD_LIBRARIES = YES;
				BUNDLE_LOADER = "$(TEST_HOST)";
				CODE_SIGN_STYLE = Automatic;
				CURRENT_PROJECT_VERSION = 1;
				GENERATE_INFOPLIST_FILE = YES;
				IPHONEOS_DEPLOYMENT_TARGET = 17.2;
				MARKETING_VERSION = 1.0;
				PRODUCT_BUNDLE_IDENTIFIER = test.LandmarksTests;
				PRODUCT_NAME = "$(TARGET_NAME)";
				SWIFT_EMIT_LOC_STRINGS = NO;
				SWIFT_VERSION = 5.0;
				TARGETED_DEVICE_FAMILY = "1,2";
				TEST_HOST = "$(BUILT_PRODUCTS_DIR)/Landmarks.app/$(BUNDLE_EXECUTABLE_FOLDER_PATH)/Landmarks";
			};
			name = Debug;
		};
		3977781C2B38F93800DA80FF /* Release */ = {
			isa = XCBuildConfiguration;
			buildSettings = {
				ALWAYS_EMBED_SWIFT_STANDARD_LIBRARIES = YES;
				BUNDLE_LOADER = "$(TEST_HOST)";
				CODE_SIGN_STYLE = Automatic;
				CURRENT_PROJECT_VERSION = 1;
				GENERATE_INFOPLIST_FILE = YES;
				IPHONEOS_DEPLOYMENT_TARGET = 17.2;
				MARKETING_VERSION = 1.0;
				PRODUCT_BUNDLE_IDENTIFIER = test.LandmarksTests;
				PRODUCT_NAME = "$(TARGET_NAME)";
				SWIFT_EMIT_LOC_STRINGS = NO;
				SWIFT_VERSION = 5.0;
				TARGETED_DEVICE_FAMILY = "1,2";
				TEST_HOST = "$(BUILT_PRODUCTS_DIR)/Landmarks.app/$(BUNDLE_EXECUTABLE_FOLDER_PATH)/Landmarks";
			};
			name = Release;
		};
		3977781E2B38F93800DA80FF /* Debug */ = {
			isa = XCBuildConfiguration;
			buildSettings = {
				ALWAYS_EMBED_SWIFT_STANDARD_LIBRARIES = YES;
				CODE_SIGN_STYLE = Automatic;
				CURRENT_PROJECT_VERSION = 1;
				GENERATE_INFOPLIST_FILE = YES;
				MARKETING_VERSION = 1.0;
				PRODUCT_BUNDLE_IDENTIFIER = test.LandmarksUITests;
				PRODUCT_NAME = "$(TARGET_NAME)";
				SWIFT_EMIT_LOC_STRINGS = NO;
				SWIFT_VERSION = 5.0;
				TARGETED_DEVICE_FAMILY = "1,2";
				TEST_TARGET_NAME = Landmarks;
			};
			name = Debug;
		};
		3977781F2B38F93800DA80FF /* Release */ = {
			isa = XCBuildConfiguration;
			buildSettings = {
				ALWAYS_EMBED_SWIFT_STANDARD_LIBRARIES = YES;
				CODE_SIGN_STYLE = Automatic;
				CURRENT_PROJECT_VERSION = 1;
				GENERATE_INFOPLIST_FILE = YES;
				MARKETING_VERSION = 1.0;
				PRODUCT_BUNDLE_IDENTIFIER = test.LandmarksUITests;
				PRODUCT_NAME = "$(TARGET_NAME)";
				SWIFT_EMIT_LOC_STRINGS = NO;
				SWIFT_VERSION = 5.0;
				TARGETED_DEVICE_FAMILY = "1,2";
				TEST_TARGET_NAME = Landmarks;
			};
			name = Release;
		};
/* End XCBuildConfiguration section */

/* Begin XCConfigurationList section */
		397777EE2B38F93700DA80FF /* Build configuration list for PBXProject "Landmarks" */ = {
			isa = XCConfigurationList;
			buildConfigurations = (
				397778152B38F93800DA80FF /* Debug */,
				397778162B38F93800DA80FF /* Release */,
			);
			defaultConfigurationIsVisible = 0;
			defaultConfigurationName = Release;
		};
		397778172B38F93800DA80FF /* Build configuration list for PBXNativeTarget "Landmarks" */ = {
			isa = XCConfigurationList;
			buildConfigurations = (
				397778182B38F93800DA80FF /* Debug */,
				397778192B38F93800DA80FF /* Release */,
			);
			defaultConfigurationIsVisible = 0;
			defaultConfigurationName = Release;
		};
		3977781A2B38F93800DA80FF /* Build configuration list for PBXNativeTarget "LandmarksTests" */ = {
			isa = XCConfigurationList;
			buildConfigurations = (
				3977781B2B38F93800DA80FF /* Debug */,
				3977781C2B38F93800DA80FF /* Release */,
			);
			defaultConfigurationIsVisible = 0;
			defaultConfigurationName = Release;
		};
		3977781D2B38F93800DA80FF /* Build configuration list for PBXNativeTarget "LandmarksUITests" */ = {
			isa = XCConfigurationList;
			buildConfigurations = (
				3977781E2B38F93800DA80FF /* Debug */,
				3977781F2B38F93800DA80FF /* Release */,
			);
			defaultConfigurationIsVisible = 0;
			defaultConfigurationName = Release;
		};
/* End XCConfigurationList section */
	};
	rootObject = 397777EB2B38F93700DA80FF /* Project object */;
}
